<?xml version="1.0" encoding="utf-8"?>
<Project ToolsVersion="4.0" xmlns="http://schemas.microsoft.com/developer/msbuild/2003">
  <ItemGroup>
    <Filter Include="Source Files">
      <UniqueIdentifier>{4FC737F1-C7A5-4376-A066-2A32D752A2FF}</UniqueIdentifier>
      <Extensions>cpp;c;cc;cxx;c++;cppm;ixx;def;odl;idl;hpj;bat;asm;asmx</Extensions>
    </Filter>
    <Filter Include="Header Files">
      <UniqueIdentifier>{93995380-89BD-4b04-88EB-625FBE52EBFB}</UniqueIdentifier>
      <Extensions>h;hh;hpp;hxx;h++;hm;inl;inc;ipp;xsd</Extensions>
    </Filter>
    <Filter Include="Resource Files">
      <UniqueIdentifier>{67DA6AB6-F800-4c08-8B7A-83BB121AAD01}</UniqueIdentifier>
      <Extensions>rc;ico;cur;bmp;dlg;rc2;rct;bin;rgs;gif;jpg;jpeg;jpe;resx;tiff;tif;png;wav;mfcribbon-ms</Extensions>
    </Filter>
  </ItemGroup>
  <ItemGroup>
    <ClCompile Include="src\main.cpp">
      <Filter>Source Files</Filter>
    </ClCompile>
    <ClCompile Include="src\utils.cpp">
      <Filter>Source Files</Filter>
    </ClCompile>
    <ClCompile Include="src\activationFunctions\activationSoftmax.cpp">
      <Filter>Source Files</Filter>
    </ClCompile>
    <ClCompile Include="src\activationFunctions\activationReLU.cpp">
      <Filter>Source Files</Filter>
    </ClCompile>
    <ClCompile Include="src\lossFunctions\categoricalLossEntropy.cpp">
      <Filter>Source Files</Filter>
    </ClCompile>
    <ClCompile Include="src\lossFunctions\accuracy.cpp">
      <Filter>Source Files</Filter>
    </ClCompile>
    <ClCompile Include="src\nnfspch.cpp">
      <Filter>Source Files</Filter>
    </ClCompile>
    <ClCompile Include="src\denseLayer.cpp">
      <Filter>Source Files</Filter>
    </ClCompile>
    <ClCompile Include="src\activationFunctions\activationSMLossCC.cpp">
      <Filter>Source Files</Filter>
    </ClCompile>
    <ClCompile Include="src\optimizers\stochasticGradientDescent.cpp">
      <Filter>Source Files</Filter>
    </ClCompile>
    <ClCompile Include="src\optimizers\adaptiveGradient.cpp">
      <Filter>Source Files</Filter>
    </ClCompile>
    <ClCompile Include="src\optimizers\rootMeanSquareProp.cpp">
      <Filter>Source Files</Filter>
    </ClCompile>
    <ClCompile Include="src\optimizers\adaptiveMomentum.cpp">
      <Filter>Source Files</Filter>
    </ClCompile>
  </ItemGroup>
  <ItemGroup>
    <ClInclude Include="src\utils.hpp">
      <Filter>Header Files</Filter>
    </ClInclude>
    <ClInclude Include="src\activationFunctions\activationSoftmax.hpp">
      <Filter>Header Files</Filter>
    </ClInclude>
    <ClInclude Include="src\activationFunctions\activationReLU.hpp">
      <Filter>Header Files</Filter>
    </ClInclude>
    <ClInclude Include="include\NumCpp\NumCpp.hpp">
      <Filter>Header Files</Filter>
    </ClInclude>
    <ClInclude Include="src\lossFunctions\loss.hpp">
      <Filter>Header Files</Filter>
    </ClInclude>
    <ClInclude Include="src\lossFunctions\categoricalLossEntropy.hpp">
      <Filter>Header Files</Filter>
    </ClInclude>
    <ClInclude Include="src\lossFunctions\accuracy.hpp">
      <Filter>Header Files</Filter>
    </ClInclude>
    <ClInclude Include="src\nnfspch.h">
      <Filter>Header Files</Filter>
    </ClInclude>
    <ClInclude Include="src\denseLayer.hpp">
      <Filter>Header Files</Filter>
    </ClInclude>
    <ClInclude Include="src\activationFunctions\activationSMLossCC.hpp">
      <Filter>Header Files</Filter>
    </ClInclude>
    <ClInclude Include="src\optimizers\stochasticGradientDescent.hpp">
      <Filter>Header Files</Filter>
    </ClInclude>
    <ClInclude Include="src\optimizers\adaptiveGradient.hpp">
      <Filter>Header Files</Filter>
    </ClInclude>
    <ClInclude Include="src\optimizers\optimizer.hpp">
      <Filter>Header Files</Filter>
    </ClInclude>
    <ClInclude Include="src\optimizers\rootMeanSquareProp.hpp">
      <Filter>Header Files</Filter>
    </ClInclude>
    <ClInclude Include="src\optimizers\adaptiveMomentum.hpp">
      <Filter>Header Files</Filter>
    </ClInclude>
  </ItemGroup>
</Project>